
Microsoft Visual Studio Solution File, Format Version 12.00
# Visual Studio Version 16
VisualStudioVersion = 16.0.30907.101
MinimumVisualStudioVersion = 10.0.40219.1
Project("{9A19103F-16F7-4668-BE54-9A1E7A4F7556}") = "consoleapp to Api", "consoleapp to Api.csproj", "{20624E31-58F4-41C0-806B-16FA15B7C58E}"
EndProject
Global
	GlobalSection(SolutionConfigurationPlatforms) = preSolution
		Debug|Any CPU = Debug|Any CPU
		Release|Any CPU = Release|Any CPU
	EndGlobalSection
	GlobalSection(ProjectConfigurationPlatforms) = postSolution
		{20624E31-58F4-41C0-806B-16FA15B7C58E}.Debug|Any CPU.ActiveCfg = Debug|Any CPU
		{20624E31-58F4-41C0-806B-16FA15B7C58E}.Debug|Any CPU.Build.0 = Debug|Any CPU
		{20624E31-58F4-41C0-806B-16FA15B7C58E}.Release|Any CPU.ActiveCfg = Release|Any CPU
		{20624E31-58F4-41C0-806B-16FA15B7C58E}.Release|Any CPU.Build.0 = Release|Any CPU
	EndGlobalSection
	GlobalSection(SolutionProperties) = preSolution
		HideSolutionNode = FALSE
	EndGlobalSection
	GlobalSection(ExtensibilityGlobals) = postSolution
		SolutionGuid = {16E82649-388B-4BE3-A519-92EC303EAB3D}
	EndGlobalSection
EndGlobal
